
Microsoft Visual Studio Solution File, Format Version 12.00
# Visual Studio Version 16
VisualStudioVersion = 16.0.30406.217
MinimumVisualStudioVersion = 10.0.40219.1
Project("{9A19103F-16F7-4668-BE54-9A1E7A4F7556}") = "ShenzhenIO Solitair Solver", "ShenzhenIO Solitair Solver\ShenzhenIO Solitair Solver.csproj", "{395789B1-3B35-4A60-A655-4C4131E67E3A}"
EndProject
Project("{FAE04EC0-301F-11D3-BF4B-00C04F79EFBC}") = "CheckHashing", "CheckHashing\CheckHashing.csproj", "{399F9281-78DF-449D-9998-5B14BBD4F4F4}"
EndProject
Global
	GlobalSection(SolutionConfigurationPlatforms) = preSolution
		Debug|Any CPU = Debug|Any CPU
		Release|Any CPU = Release|Any CPU
	EndGlobalSection
	GlobalSection(ProjectConfigurationPlatforms) = postSolution
		{395789B1-3B35-4A60-A655-4C4131E67E3A}.Debug|Any CPU.ActiveCfg = Debug|Any CPU
		{395789B1-3B35-4A60-A655-4C4131E67E3A}.Debug|Any CPU.Build.0 = Debug|Any CPU
		{395789B1-3B35-4A60-A655-4C4131E67E3A}.Release|Any CPU.ActiveCfg = Release|Any CPU
		{395789B1-3B35-4A60-A655-4C4131E67E3A}.Release|Any CPU.Build.0 = Release|Any CPU
		{399F9281-78DF-449D-9998-5B14BBD4F4F4}.Debug|Any CPU.ActiveCfg = Debug|Any CPU
		{399F9281-78DF-449D-9998-5B14BBD4F4F4}.Debug|Any CPU.Build.0 = Debug|Any CPU
		{399F9281-78DF-449D-9998-5B14BBD4F4F4}.Release|Any CPU.ActiveCfg = Release|Any CPU
		{399F9281-78DF-449D-9998-5B14BBD4F4F4}.Release|Any CPU.Build.0 = Release|Any CPU
	EndGlobalSection
	GlobalSection(SolutionProperties) = preSolution
		HideSolutionNode = FALSE
	EndGlobalSection
	GlobalSection(ExtensibilityGlobals) = postSolution
		SolutionGuid = {D6C640B2-C0B5-4429-9310-80C1A4FF4409}
	EndGlobalSection
EndGlobal
